hash: faa64713c28c004f529ddcf4e6b3e6e836ac9ef007467a6816b8edacba286cbc
updated: 2016-10-26T23:02:21.463849033-04:00
imports:
- name: github.com/gorilla/context
  version: 08b5f424b9271eedf6f9f0ce86cb9396ed337a42
- name: github.com/gorilla/mux
  version: 757bef944d0f21880861c2dd9c871ca543023cba
- name: github.com/urfave/negroni
  version: fde5e16d32adc7ad637e9cd9ad21d4ebc6192535
testImports: []
